# THIS IS AN AUTOGENERATED FILE. DO NOT EDIT THIS FILE DIRECTLY.
# yarn lockfile v1


sweetalert2@^11.10.2:
  version "11.10.2"
  resolved "https://registry.yarnpkg.com/sweetalert2/-/sweetalert2-11.10.2.tgz#084fba88028e7ab5667ceed00e4201dda7d25294"
  integrity sha512-BYlIxGw6OF9Rw2z1wlnh1U+fvHHkvtg4BGyimV9nZxQRGvCBfx9uonxgwuYpJuYqCtM+2W1KOm8iMIEb/2v7Hg==
